github.com/voodooEntity/archivist v1.0.2 h1:QesszRfOPdGmkT1ieAXa6LkRkch/22R/LPTu8DFkKUY=
github.com/voodooEntity/archivist v1.0.2/go.mod h1:Kw+7tEDicfscFX3Kl4wzTmICO66MjWxpXlFEP3UJCGc=
github.com/voodooEntity/gits v0.0.6-0.20220813111141-e7ca50c71be9 h1:4Ow+F3f7Vj5IjqHQRmucbhCy971sfep/5H3hAJ74XzM=
github.com/voodooEntity/gits v0.0.6-0.20220813111141-e7ca50c71be9/go.mod h1:8spOvNEi3UeUTqbRtZZaYmUUVMBmvrR/k6LMOIkbXkc=
github.com/voodooEntity/gits v0.0.10 h1:6lvK+1bcyc1MsnQhTMAXTDWmsnFoPviN/77kh5cPh9c=
github.com/voodooEntity/gits v0.0.10/go.mod h1:8spOvNEi3UeUTqbRtZZaYmUUVMBmvrR/k6LMOIkbXkc=
