github.com/voodooEntity/archivist v1.0.2 h1:QesszRfOPdGmkT1ieAXa6LkRkch/22R/LPTu8DFkKUY=
github.com/voodooEntity/archivist v1.0.2/go.mod h1:Kw+7tEDicfscFX3Kl4wzTmICO66MjWxpXlFEP3UJCGc=
github.com/voodooEntity/gits v0.0.6-0.20220813111141-e7ca50c71be9 h1:4Ow+F3f7Vj5IjqHQRmucbhCy971sfep/5H3hAJ74XzM=
github.com/voodooEntity/gits v0.0.6-0.20220813111141-e7ca50c71be9/go.mod h1:8spOvNEi3UeUTqbRtZZaYmUUVMBmvrR/k6LMOIkbXkc=
github.com/voodooEntity/gits v0.0.10 h1:6lvK+1bcyc1MsnQhTMAXTDWmsnFoPviN/77kh5cPh9c=
github.com/voodooEntity/gits v0.0.10/go.mod h1:8spOvNEi3UeUTqbRtZZaYmUUVMBmvrR/k6LMOIkbXkc=
github.com/voodooEntity/gits v0.0.11 h1:HnlNoOCcbhi3Q7go3SQdPRG08Tnoj6Nu+wNVuVuS6g0=
github.com/voodooEntity/gits v0.0.11/go.mod h1:8spOvNEi3UeUTqbRtZZaYmUUVMBmvrR/k6LMOIkbXkc=
github.com/voodooEntity/gits v0.0.12 h1:jALuRACb6nlrMVTVbxKnwHGziWju7v/d5LygnLbEWzk=
github.com/voodooEntity/gits v0.0.12/go.mod h1:8spOvNEi3UeUTqbRtZZaYmUUVMBmvrR/k6LMOIkbXkc=
github.com/voodooEntity/gits v0.0.13 h1:/X9+IyzB2XMY+z5Hnr1VEUf47XqzTnIDyIST1Xy7xEw=
github.com/voodooEntity/gits v0.0.13/go.mod h1:8spOvNEi3UeUTqbRtZZaYmUUVMBmvrR/k6LMOIkbXkc=
github.com/voodooEntity/gits v0.0.14 h1:A7RSqdSTiFcI/olut3PZIhoBGgZsstb53dhr1Xx+ErA=
github.com/voodooEntity/gits v0.0.14/go.mod h1:8spOvNEi3UeUTqbRtZZaYmUUVMBmvrR/k6LMOIkbXkc=
github.com/voodooEntity/gits v0.0.15 h1:prTZ8yKzdRRphMRFcRIBSWnUFQxScKnDTsqmqK+qB9I=
github.com/voodooEntity/gits v0.0.15/go.mod h1:8spOvNEi3UeUTqbRtZZaYmUUVMBmvrR/k6LMOIkbXkc=
github.com/voodooEntity/gits v0.0.16 h1:twNuv6z6YD/PTs7lzugJamYpMv1jBd2/FoviVVJO+4s=
github.com/voodooEntity/gits v0.0.16/go.mod h1:8spOvNEi3UeUTqbRtZZaYmUUVMBmvrR/k6LMOIkbXkc=
github.com/voodooEntity/gits v0.0.17 h1:1FG0cxU4XKngP7T7sEmdgJt5y1pH3Tios4leoFJCvpY=
github.com/voodooEntity/gits v0.0.17/go.mod h1:8spOvNEi3UeUTqbRtZZaYmUUVMBmvrR/k6LMOIkbXkc=
golang.org/x/crypto v0.1.0 h1:MDRAIl0xIo9Io2xV565hzXHw3zVseKrJKodhohM5CjU=
golang.org/x/crypto v0.1.0/go.mod h1:RecgLatLF4+eUMCP1PoPZQb+cVrJcOPbHkTkbkB9sbw=
